// !$*UTF8*$!
{
	archiveVersion = 1;
	classes = {
	};
	objectVersion = 46;
	objects = {

/* Begin PBXBuildFile section */
		C750AD2C1DCC1D1900BCBA6A /* main.cpp in Sources */ = {isa = PBXBuildFile; fileRef = C750AD2B1DCC1D1900BCBA6A /* main.cpp */; };
/* End PBXBuildFile section */

/* Begin PBXCopyFilesBuildPhase section */
		C750AD261DCC1D1900BCBA6A /* CopyFiles */ = {
			isa = PBXCopyFilesBuildPhase;
			buildActionMask = 2147483647;
			dstPath = /usr/share/man/man1/;
			dstSubfolderSpec = 0;
			files = (
			);
			runOnlyForDeploymentPostprocessing = 1;
		};
/* End PBXCopyFilesBuildPhase section */

/* Begin PBXFileReference section */
		C750AD281DCC1D1900BCBA6A /* Random Number Guessing Game Enhancement */ = {isa = PBXFileReference; explicitFileType = "compiled.mach-o.executable"; includeInIndex = 0; path = "Random Number Guessing Game Enhancement"; sourceTree = BUILT_PRODUCTS_DIR; };
		C750AD2B1DCC1D1900BCBA6A /* main.cpp */ = {isa = PBXFileReference; lastKnownFileType = sourcecode.cpp.cpp; path = main.cpp; sourceTree = "<group>"; };
/* End PBXFileReference section */

/* Begin PBXFrameworksBuildPhase section */
		C750AD251DCC1D1900BCBA6A /* Frameworks */ = {
			isa = PBXFrameworksBuildPhase;
			buildActionMask = 2147483647;
			files = (
			);
			runOnlyForDeploymentPostprocessing = 0;
		};
/* End PBXFrameworksBuildPhase section */

/* Begin PBXGroup section */
		C750AD1F1DCC1D1900BCBA6A = {
			isa = PBXGroup;
			children = (
				C750AD2A1DCC1D1900BCBA6A /* Random Number Guessing Game Enhancement */,
				C750AD291DCC1D1900BCBA6A /* Products */,
			);
			sourceTree = "<group>";
		};
		C750AD291DCC1D1900BCBA6A /* Products */ = {
			isa = PBXGroup;
			children = (
				C750AD281DCC1D1900BCBA6A /* Random Number Guessing Game Enhancement */,
			);
			name = Products;
			sourceTree = "<group>";
		};
		C750AD2A1DCC1D1900BCBA6A /* Random Number Guessing Game Enhancement */ = {
			isa = PBXGroup;
			children = (
				C750AD2B1DCC1D1900BCBA6A /* main.cpp */,
			);
			path = "Random Number Guessing Game Enhancement";
			sourceTree = "<group>";
		};
/* End PBXGroup section */

/* Begin PBXNativeTarget section */
		C750AD271DCC1D1900BCBA6A /* Random Number Guessing Game Enhancement */ = {
			isa = PBXNativeTarget;
			buildConfigurationList = C750AD2F1DCC1D1900BCBA6A /* Build configuration list for PBXNativeTarget "Random Number Guessing Game Enhancement" */;
			buildPhases = (
				C750AD241DCC1D1900BCBA6A /* Sources */,
				C750AD251DCC1D1900BCBA6A /* Frameworks */,
				C750AD261DCC1D1900BCBA6A /* CopyFiles */,
			);
			buildRules = (
			);
			dependencies = (
			);
			name = "Random Number Guessing Game Enhancement";
			productName = "Random Number Guessing Game Enhancement";
			productReference = C750AD281DCC1D1900BCBA6A /* Random Number Guessing Game Enhancement */;
			productType = "com.apple.product-type.tool";
		};
/* End PBXNativeTarget section */

/* Begin PBXProject section */
		C750AD201DCC1D1900BCBA6A /* Project object */ = {
			isa = PBXProject;
			attributes = {
				LastUpgradeCheck = 0800;
				ORGANIZATIONNAME = "Albert George";
				TargetAttributes = {
					C750AD271DCC1D1900BCBA6A = {
						CreatedOnToolsVersion = 8.0;
						ProvisioningStyle = Automatic;
					};
				};
			};
			buildConfigurationList = C750AD231DCC1D1900BCBA6A /* Build configuration list for PBXProject "Random Number Guessing Game Enhancement" */;
			compatibilityVersion = "Xcode 3.2";
			developmentRegion = English;
			hasScannedForEncodings = 0;
			knownRegions = (
				en,
			);
			mainGroup = C750AD1F1DCC1D1900BCBA6A;
			productRefGroup = C750AD291DCC1D1900BCBA6A /* Products */;
			projectDirPath = "";
			projectRoot = "";
			targets = (
				C750AD271DCC1D1900BCBA6A /* Random Number Guessing Game Enhancement */,
			);
		};
/* End PBXProject section */

/* Begin PBXSourcesBuildPhase section */
		C750AD241DCC1D1900BCBA6A /* Sources */ = {
			isa = PBXSourcesBuildPhase;
			buildActionMask = 2147483647;
			files = (
				C750AD2C1DCC1D1900BCBA6A /* main.cpp in Sources */,
			);
			runOnlyForDeploymentPostprocessing = 0;
		};
/* End PBXSourcesBuildPhase section */

/* Begin XCBuildConfiguration section */
		C750AD2D1DCC1D1900BCBA6A /* Debug */ = {
			isa = XCBuildConfiguration;
			buildSettings = {
				ALWAYS_SEARCH_USER_PATHS = NO;
				CLANG_ANALYZER_NONNULL = YES;
				CLANG_CXX_LANGUAGE_STANDARD = "gnu++0x";
				CLANG_CXX_LIBRARY = "libc++";
				CLANG_ENABLE_MODULES = YES;
				CLANG_ENABLE_OBJC_ARC = YES;
				CLANG_WARN_BOOL_CONVERSION = YES;
				CLANG_WARN_CONSTANT_CONVERSION = YES;
				CLANG_WARN_DIRECT_OBJC_ISA_USAGE = YES_ERROR;
				CLANG_WARN_DOCUMENTATION_COMMENTS = YES;
				CLANG_WARN_EMPTY_BODY = YES;
				CLANG_WARN_ENUM_CONVERSION = YES;
				CLANG_WARN_INFINITE_RECURSION = YES;
				CLANG_WARN_INT_CONVERSION = YES;
				CLANG_WARN_OBJC_ROOT_CLASS = YES_ERROR;
				CLANG_WARN_SUSPICIOUS_MOVES = YES;
				CLANG_WARN_UNREACHABLE_CODE = YES;
				CLANG_WARN__DUPLICATE_METHOD_MATCH = YES;
				CODE_SIGN_IDENTITY = "-";
				COPY_PHASE_STRIP = NO;
				DEBUG_INFORMATION_FORMAT = dwarf;
				ENABLE_STRICT_OBJC_MSGSEND = YES;
				ENABLE_TESTABILITY = YES;
				GCC_C_LANGUAGE_STANDARD = gnu99;
				GCC_DYNAMIC_NO_PIC = NO;
				GCC_NO_COMMON_BLOCKS = YES;
				GCC_OPTIMIZATION_LEVEL = 0;
				GCC_PREPROCESSOR_DEFINITIONS = (
					"DEBUG=1",
					"$(inherited)",
				);
				GCC_WARN_64_TO_32_BIT_CONVERSION = YES;
				GCC_WARN_ABOUT_RETURN_TYPE = YES_ERROR;
				GCC_WARN_UNDECLARED_SELECTOR = YES;
				GCC_WARN_UNINITIALIZED_AUTOS = YES_AGGRESSIVE;
				GCC_WARN_UNUSED_FUNCTION = YES;
				GCC_WARN_UNUSED_VARIABLE = YES;
				MACOSX_DEPLOYMENT_TARGET = 10.12;
				MTL_ENABLE_DEBUG_INFO = YES;
				ONLY_ACTIVE_ARCH = YES;
				SDKROOT = macosx;
			};
			name = Debug;
		};
		C750AD2E1DCC1D1900BCBA6A /* Release */ = {
			isa = XCBuildConfiguration;
			buildSettings = {
				ALWAYS_SEARCH_USER_PATHS = NO;
				CLANG_ANALYZER_NONNULL = YES;
				CLANG_CXX_LANGUAGE_STANDARD = "gnu++0x";
				CLANG_CXX_LIBRARY = "libc++";
				CLANG_ENABLE_MODULES = YES;
				CLANG_ENABLE_OBJC_ARC = YES;
				CLANG_WARN_BOOL_CONVERSION = YES;
				CLANG_WARN_CONSTANT_CONVERSION = YES;
				CLANG_WARN_DIRECT_OBJC_ISA_USAGE = YES_ERROR;
				CLANG_WARN_DOCUMENTATION_COMMENTS = YES;
				CLANG_WARN_EMPTY_BODY = YES;
				CLANG_WARN_ENUM_CONVERSION = YES;
				CLANG_WARN_INFINITE_RECURSION = YES;
				CLANG_WARN_INT_CONVERSION = YES;
				CLANG_WARN_OBJC_ROOT_CLASS = YES_ERROR;
				CLANG_WARN_SUSPICIOUS_MOVES = YES;
				CLANG_WARN_UNREACHABLE_CODE = YES;
				CLANG_WARN__DUPLICATE_METHOD_MATCH = YES;
				CODE_SIGN_IDENTITY = "-";
				COPY_PHASE_STRIP = NO;
				DEBUG_INFORMATION_FORMAT = "dwarf-with-dsym";
				ENABLE_NS_ASSERTIONS = NO;
				ENABLE_STRICT_OBJC_MSGSEND = YES;
				GCC_C_LANGUAGE_STANDARD = gnu99;
				GCC_NO_COMMON_BLOCKS = YES;
				GCC_WARN_64_TO_32_BIT_CONVERSION = YES;
				GCC_WARN_ABOUT_RETURN_TYPE = YES_ERROR;
				GCC_WARN_UNDECLARED_SELECTOR = YES;
				GCC_WARN_UNINITIALIZED_AUTOS = YES_AGGRESSIVE;
				GCC_WARN_UNUSED_FUNCTION = YES;
				GCC_WARN_UNUSED_VARIABLE = YES;
				MACOSX_DEPLOYMENT_TARGET = 10.12;
				MTL_ENABLE_DEBUG_INFO = NO;
				SDKROOT = macosx;
			};
			name = Release;
		};
		C750AD301DCC1D1900BCBA6A /* Debug */ = {
			isa = XCBuildConfiguration;
			buildSettings = {
				PRODUCT_NAME = "$(TARGET_NAME)";
			};
			name = Debug;
		};
		C750AD311DCC1D1900BCBA6A /* Release */ = {
			isa = XCBuildConfiguration;
			buildSettings = {
				PRODUCT_NAME = "$(TARGET_NAME)";
			};
			name = Release;
		};
/* End XCBuildConfiguration section */

/* Begin XCConfigurationList section */
		C750AD231DCC1D1900BCBA6A /* Build configuration list for PBXProject "Random Number Guessing Game Enhancement" */ = {
			isa = XCConfigurationList;
			buildConfigurations = (
				C750AD2D1DCC1D1900BCBA6A /* Debug */,
				C750AD2E1DCC1D1900BCBA6A /* Release */,
			);
			defaultConfigurationIsVisible = 0;
			defaultConfigurationName = Release;
		};
		C750AD2F1DCC1D1900BCBA6A /* Build configuration list for PBXNativeTarget "Random Number Guessing Game Enhancement" */ = {
			isa = XCConfigurationList;
			buildConfigurations = (
				C750AD301DCC1D1900BCBA6A /* Debug */,
				C750AD311DCC1D1900BCBA6A /* Release */,
			);
			defaultConfigurationIsVisible = 0;
		};
/* End XCConfigurationList section */
	};
	rootObject = C750AD201DCC1D1900BCBA6A /* Project object */;
}
